// !$*UTF8*$!
{
	archiveVersion = 1;
	classes = {
	};
	objectVersion = 50;
	objects = {

/* Begin PBXBuildFile section */
		3A18719124EDA9F300B505FF /* AppDelegate.swift in Sources */ = {isa = PBXBuildFile; fileRef = 3A18719024EDA9F300B505FF /* AppDelegate.swift */; };
		3A18719324EDA9F300B505FF /* SceneDelegate.swift in Sources */ = {isa = PBXBuildFile; fileRef = 3A18719224EDA9F300B505FF /* SceneDelegate.swift */; };
		3A18719524EDA9F300B505FF /* ViewController.swift in Sources */ = {isa = PBXBuildFile; fileRef = 3A18719424EDA9F300B505FF /* ViewController.swift */; };
		3A18719824EDA9F300B505FF /* Main.storyboard in Resources */ = {isa = PBXBuildFile; fileRef = 3A18719624EDA9F300B505FF /* Main.storyboard */; };
		3A18719B24EDA9F300B505FF /* BnetTest.xcdatamodeld in Sources */ = {isa = PBXBuildFile; fileRef = 3A18719924EDA9F300B505FF /* BnetTest.xcdatamodeld */; };
		3A18719D24EDA9F800B505FF /* Assets.xcassets in Resources */ = {isa = PBXBuildFile; fileRef = 3A18719C24EDA9F800B505FF /* Assets.xcassets */; };
		3A1871A024EDA9F800B505FF /* LaunchScreen.storyboard in Resources */ = {isa = PBXBuildFile; fileRef = 3A18719E24EDA9F800B505FF /* LaunchScreen.storyboard */; };
/* End PBXBuildFile section */

/* Begin PBXFileReference section */
		3A18718D24EDA9F300B505FF /* BnetTest.app */ = {isa = PBXFileReference; explicitFileType = wrapper.application; includeInIndex = 0; path = BnetTest.app; sourceTree = BUILT_PRODUCTS_DIR; };
		3A18719024EDA9F300B505FF /* AppDelegate.swift */ = {isa = PBXFileReference; lastKnownFileType = sourcecode.swift; path = AppDelegate.swift; sourceTree = "<group>"; };
		3A18719224EDA9F300B505FF /* SceneDelegate.swift */ = {isa = PBXFileReference; lastKnownFileType = sourcecode.swift; path = SceneDelegate.swift; sourceTree = "<group>"; };
		3A18719424EDA9F300B505FF /* ViewController.swift */ = {isa = PBXFileReference; lastKnownFileType = sourcecode.swift; path = ViewController.swift; sourceTree = "<group>"; };
		3A18719724EDA9F300B505FF /* Base */ = {isa = PBXFileReference; lastKnownFileType = file.storyboard; name = Base; path = Base.lproj/Main.storyboard; sourceTree = "<group>"; };
		3A18719A24EDA9F300B505FF /* BnetTest.xcdatamodel */ = {isa = PBXFileReference; lastKnownFileType = wrapper.xcdatamodel; path = BnetTest.xcdatamodel; sourceTree = "<group>"; };
		3A18719C24EDA9F800B505FF /* Assets.xcassets */ = {isa = PBXFileReference; lastKnownFileType = folder.assetcatalog; path = Assets.xcassets; sourceTree = "<group>"; };
		3A18719F24EDA9F800B505FF /* Base */ = {isa = PBXFileReference; lastKnownFileType = file.storyboard; name = Base; path = Base.lproj/LaunchScreen.storyboard; sourceTree = "<group>"; };
		3A1871A124EDA9F800B505FF /* Info.plist */ = {isa = PBXFileReference; lastKnownFileType = text.plist.xml; path = Info.plist; sourceTree = "<group>"; };
/* End PBXFileReference section */

/* Begin PBXFrameworksBuildPhase section */
		3A18718A24EDA9F300B505FF /* Frameworks */ = {
			isa = PBXFrameworksBuildPhase;
			buildActionMask = 2147483647;
			files = (
			);
			runOnlyForDeploymentPostprocessing = 0;
		};
/* End PBXFrameworksBuildPhase section */

/* Begin PBXGroup section */
		3A18718424EDA9F300B505FF = {
			isa = PBXGroup;
			children = (
				3A18718F24EDA9F300B505FF /* BnetTest */,
				3A18718E24EDA9F300B505FF /* Products */,
			);
			sourceTree = "<group>";
		};
		3A18718E24EDA9F300B505FF /* Products */ = {
			isa = PBXGroup;
			children = (
				3A18718D24EDA9F300B505FF /* BnetTest.app */,
			);
			name = Products;
			sourceTree = "<group>";
		};
		3A18718F24EDA9F300B505FF /* BnetTest */ = {
			isa = PBXGroup;
			children = (
				3A18719024EDA9F300B505FF /* AppDelegate.swift */,
				3A18719224EDA9F300B505FF /* SceneDelegate.swift */,
				3A18719424EDA9F300B505FF /* ViewController.swift */,
				3A18719624EDA9F300B505FF /* Main.storyboard */,
				3A18719C24EDA9F800B505FF /* Assets.xcassets */,
				3A18719E24EDA9F800B505FF /* LaunchScreen.storyboard */,
				3A1871A124EDA9F800B505FF /* Info.plist */,
				3A18719924EDA9F300B505FF /* BnetTest.xcdatamodeld */,
			);
			path = BnetTest;
			sourceTree = "<group>";
		};
/* End PBXGroup section */

/* Begin PBXNativeTarget section */
		3A18718C24EDA9F300B505FF /* BnetTest */ = {
			isa = PBXNativeTarget;
			buildConfigurationList = 3A1871A424EDA9F800B505FF /* Build configuration list for PBXNativeTarget "BnetTest" */;
			buildPhases = (
				3A18718924EDA9F300B505FF /* Sources */,
				3A18718A24EDA9F300B505FF /* Frameworks */,
				3A18718B24EDA9F300B505FF /* Resources */,
			);
			buildRules = (
			);
			dependencies = (
			);
			name = BnetTest;
			productName = BnetTest;
			productReference = 3A18718D24EDA9F300B505FF /* BnetTest.app */;
			productType = "com.apple.product-type.application";
		};
/* End PBXNativeTarget section */

/* Begin PBXProject section */
		3A18718524EDA9F300B505FF /* Project object */ = {
			isa = PBXProject;
			attributes = {
				LastSwiftUpdateCheck = 1160;
				LastUpgradeCheck = 1160;
				ORGANIZATIONNAME = Home;
				TargetAttributes = {
					3A18718C24EDA9F300B505FF = {
						CreatedOnToolsVersion = 11.6;
					};
				};
			};
			buildConfigurationList = 3A18718824EDA9F300B505FF /* Build configuration list for PBXProject "BnetTest" */;
			compatibilityVersion = "Xcode 9.3";
			developmentRegion = en;
			hasScannedForEncodings = 0;
			knownRegions = (
				en,
				Base,
			);
			mainGroup = 3A18718424EDA9F300B505FF;
			productRefGroup = 3A18718E24EDA9F300B505FF /* Products */;
			projectDirPath = "";
			projectRoot = "";
			targets = (
				3A18718C24EDA9F300B505FF /* BnetTest */,
			);
		};
/* End PBXProject section */

/* Begin PBXResourcesBuildPhase section */
		3A18718B24EDA9F300B505FF /* Resources */ = {
			isa = PBXResourcesBuildPhase;
			buildActionMask = 2147483647;
			files = (
				3A1871A024EDA9F800B505FF /* LaunchScreen.storyboard in Resources */,
				3A18719D24EDA9F800B505FF /* Assets.xcassets in Resources */,
				3A18719824EDA9F300B505FF /* Main.storyboard in Resources */,
			);
			runOnlyForDeploymentPostprocessing = 0;
		};
/* End PBXResourcesBuildPhase section */

/* Begin PBXSourcesBuildPhase section */
		3A18718924EDA9F300B505FF /* Sources */ = {
			isa = PBXSourcesBuildPhase;
			buildActionMask = 2147483647;
			files = (
				3A18719524EDA9F300B505FF /* ViewController.swift in Sources */,
				3A18719124EDA9F300B505FF /* AppDelegate.swift in Sources */,
				3A18719B24EDA9F300B505FF /* BnetTest.xcdatamodeld in Sources */,
				3A18719324EDA9F300B505FF /* SceneDelegate.swift in Sources */,
			);
			runOnlyForDeploymentPostprocessing = 0;
		};
/* End PBXSourcesBuildPhase section */

/* Begin PBXVariantGroup section */
		3A18719624EDA9F300B505FF /* Main.storyboard */ = {
			isa = PBXVariantGroup;
			children = (
				3A18719724EDA9F300B505FF /* Base */,
			);
			name = Main.storyboard;
			sourceTree = "<group>";
		};
		3A18719E24EDA9F800B505FF /* LaunchScreen.storyboard */ = {
			isa = PBXVariantGroup;
			children = (
				3A18719F24EDA9F800B505FF /* Base */,
			);
			name = LaunchScreen.storyboard;
			sourceTree = "<group>";
		};
/* End PBXVariantGroup section */

/* Begin XCBuildConfiguration section */
		3A1871A224EDA9F800B505FF /* Debug */ = {
			isa = XCBuildConfiguration;
			buildSettings = {
				ALWAYS_SEARCH_USER_PATHS = NO;
				CLANG_ANALYZER_NONNULL = YES;
				CLANG_ANALYZER_NUMBER_OBJECT_CONVERSION = YES_AGGRESSIVE;
				CLANG_CXX_LANGUAGE_STANDARD = "gnu++14";
				CLANG_CXX_LIBRARY = "libc++";
				CLANG_ENABLE_MODULES = YES;
				CLANG_ENABLE_OBJC_ARC = YES;
				CLANG_ENABLE_OBJC_WEAK = YES;
				CLANG_WARN_BLOCK_CAPTURE_AUTORELEASING = YES;
				CLANG_WARN_BOOL_CONVERSION = YES;
				CLANG_WARN_COMMA = YES;
				CLANG_WARN_CONSTANT_CONVERSION = YES;
				CLANG_WARN_DEPRECATED_OBJC_IMPLEMENTATIONS = YES;
				CLANG_WARN_DIRECT_OBJC_ISA_USAGE = YES_ERROR;
				CLANG_WARN_DOCUMENTATION_COMMENTS = YES;
				CLANG_WARN_EMPTY_BODY = YES;
				CLANG_WARN_ENUM_CONVERSION = YES;
				CLANG_WARN_INFINITE_RECURSION = YES;
				CLANG_WARN_INT_CONVERSION = YES;
				CLANG_WARN_NON_LITERAL_NULL_CONVERSION = YES;
				CLANG_WARN_OBJC_IMPLICIT_RETAIN_SELF = YES;
				CLANG_WARN_OBJC_LITERAL_CONVERSION = YES;
				CLANG_WARN_OBJC_ROOT_CLASS = YES_ERROR;
				CLANG_WARN_RANGE_LOOP_ANALYSIS = YES;
				CLANG_WARN_STRICT_PROTOTYPES = YES;
				CLANG_WARN_SUSPICIOUS_MOVE = YES;
				CLANG_WARN_UNGUARDED_AVAILABILITY = YES_AGGRESSIVE;
				CLANG_WARN_UNREACHABLE_CODE = YES;
				CLANG_WARN__DUPLICATE_METHOD_MATCH = YES;
				COPY_PHASE_STRIP = NO;
				DEBUG_INFORMATION_FORMAT = dwarf;
				ENABLE_STRICT_OBJC_MSGSEND = YES;
				ENABLE_TESTABILITY = YES;
				GCC_C_LANGUAGE_STANDARD = gnu11;
				GCC_DYNAMIC_NO_PIC = NO;
				GCC_NO_COMMON_BLOCKS = YES;
				GCC_OPTIMIZATION_LEVEL = 0;
				GCC_PREPROCESSOR_DEFINITIONS = (
					"DEBUG=1",
					"$(inherited)",
				);
				GCC_WARN_64_TO_32_BIT_CONVERSION = YES;
				GCC_WARN_ABOUT_RETURN_TYPE = YES_ERROR;
				GCC_WARN_UNDECLARED_SELECTOR = YES;
				GCC_WARN_UNINITIALIZED_AUTOS = YES_AGGRESSIVE;
				GCC_WARN_UNUSED_FUNCTION = YES;
				GCC_WARN_UNUSED_VARIABLE = YES;
				IPHONEOS_DEPLOYMENT_TARGET = 13.6;
				MTL_ENABLE_DEBUG_INFO = INCLUDE_SOURCE;
				MTL_FAST_MATH = YES;
				ONLY_ACTIVE_ARCH = YES;
				SDKROOT = iphoneos;
				SWIFT_ACTIVE_COMPILATION_CONDITIONS = DEBUG;
				SWIFT_OPTIMIZATION_LEVEL = "-Onone";
			};
			name = Debug;
		};
		3A1871A324EDA9F800B505FF /* Release */ = {
			isa = XCBuildConfiguration;
			buildSettings = {
				ALWAYS_SEARCH_USER_PATHS = NO;
				CLANG_ANALYZER_NONNULL = YES;
				CLANG_ANALYZER_NUMBER_OBJECT_CONVERSION = YES_AGGRESSIVE;
				CLANG_CXX_LANGUAGE_STANDARD = "gnu++14";
				CLANG_CXX_LIBRARY = "libc++";
				CLANG_ENABLE_MODULES = YES;
				CLANG_ENABLE_OBJC_ARC = YES;
				CLANG_ENABLE_OBJC_WEAK = YES;
				CLANG_WARN_BLOCK_CAPTURE_AUTORELEASING = YES;
				CLANG_WARN_BOOL_CONVERSION = YES;
				CLANG_WARN_COMMA = YES;
				CLANG_WARN_CONSTANT_CONVERSION = YES;
				CLANG_WARN_DEPRECATED_OBJC_IMPLEMENTATIONS = YES;
				CLANG_WARN_DIRECT_OBJC_ISA_USAGE = YES_ERROR;
				CLANG_WARN_DOCUMENTATION_COMMENTS = YES;
				CLANG_WARN_EMPTY_BODY = YES;
				CLANG_WARN_ENUM_CONVERSION = YES;
				CLANG_WARN_INFINITE_RECURSION = YES;
				CLANG_WARN_INT_CONVERSION = YES;
				CLANG_WARN_NON_LITERAL_NULL_CONVERSION = YES;
				CLANG_WARN_OBJC_IMPLICIT_RETAIN_SELF = YES;
				CLANG_WARN_OBJC_LITERAL_CONVERSION = YES;
				CLANG_WARN_OBJC_ROOT_CLASS = YES_ERROR;
				CLANG_WARN_RANGE_LOOP_ANALYSIS = YES;
				CLANG_WARN_STRICT_PROTOTYPES = YES;
				CLANG_WARN_SUSPICIOUS_MOVE = YES;
				CLANG_WARN_UNGUARDED_AVAILABILITY = YES_AGGRESSIVE;
				CLANG_WARN_UNREACHABLE_CODE = YES;
				CLANG_WARN__DUPLICATE_METHOD_MATCH = YES;
				COPY_PHASE_STRIP = NO;
				DEBUG_INFORMATION_FORMAT = "dwarf-with-dsym";
				ENABLE_NS_ASSERTIONS = NO;
				ENABLE_STRICT_OBJC_MSGSEND = YES;
				GCC_C_LANGUAGE_STANDARD = gnu11;
				GCC_NO_COMMON_BLOCKS = YES;
				GCC_WARN_64_TO_32_BIT_CONVERSION = YES;
				GCC_WARN_ABOUT_RETURN_TYPE = YES_ERROR;
				GCC_WARN_UNDECLARED_SELECTOR = YES;
				GCC_WARN_UNINITIALIZED_AUTOS = YES_AGGRESSIVE;
				GCC_WARN_UNUSED_FUNCTION = YES;
				GCC_WARN_UNUSED_VARIABLE = YES;
				IPHONEOS_DEPLOYMENT_TARGET = 13.6;
				MTL_ENABLE_DEBUG_INFO = NO;
				MTL_FAST_MATH = YES;
				SDKROOT = iphoneos;
				SWIFT_COMPILATION_MODE = wholemodule;
				SWIFT_OPTIMIZATION_LEVEL = "-O";
				VALIDATE_PRODUCT = YES;
			};
			name = Release;
		};
		3A1871A524EDA9F800B505FF /* Debug */ = {
			isa = XCBuildConfiguration;
			buildSettings = {
				ASSETCATALOG_COMPILER_APPICON_NAME = AppIcon;
				CODE_SIGN_STYLE = Automatic;
				DEVELOPMENT_TEAM = SL47R2R53M;
				INFOPLIST_FILE = BnetTest/Info.plist;
				LD_RUNPATH_SEARCH_PATHS = (
					"$(inherited)",
					"@executable_path/Frameworks",
				);
				PRODUCT_BUNDLE_IDENTIFIER = ant.BnetTest;
				PRODUCT_NAME = "$(TARGET_NAME)";
				SWIFT_VERSION = 5.0;
				TARGETED_DEVICE_FAMILY = "1,2";
			};
			name = Debug;
		};
		3A1871A624EDA9F800B505FF /* Release */ = {
			isa = XCBuildConfiguration;
			buildSettings = {
				ASSETCATALOG_COMPILER_APPICON_NAME = AppIcon;
				CODE_SIGN_STYLE = Automatic;
				DEVELOPMENT_TEAM = SL47R2R53M;
				INFOPLIST_FILE = BnetTest/Info.plist;
				LD_RUNPATH_SEARCH_PATHS = (
					"$(inherited)",
					"@executable_path/Frameworks",
				);
				PRODUCT_BUNDLE_IDENTIFIER = ant.BnetTest;
				PRODUCT_NAME = "$(TARGET_NAME)";
				SWIFT_VERSION = 5.0;
				TARGETED_DEVICE_FAMILY = "1,2";
			};
			name = Release;
		};
/* End XCBuildConfiguration section */

/* Begin XCConfigurationList section */
		3A18718824EDA9F300B505FF /* Build configuration list for PBXProject "BnetTest" */ = {
			isa = XCConfigurationList;
			buildConfigurations = (
				3A1871A224EDA9F800B505FF /* Debug */,
				3A1871A324EDA9F800B505FF /* Release */,
			);
			defaultConfigurationIsVisible = 0;
			defaultConfigurationName = Release;
		};
		3A1871A424EDA9F800B505FF /* Build configuration list for PBXNativeTarget "BnetTest" */ = {
			isa = XCConfigurationList;
			buildConfigurations = (
				3A1871A524EDA9F800B505FF /* Debug */,
				3A1871A624EDA9F800B505FF /* Release */,
			);
			defaultConfigurationIsVisible = 0;
			defaultConfigurationName = Release;
		};
/* End XCConfigurationList section */

/* Begin XCVersionGroup section */
		3A18719924EDA9F300B505FF /* BnetTest.xcdatamodeld */ = {
			isa = XCVersionGroup;
			children = (
				3A18719A24EDA9F300B505FF /* BnetTest.xcdatamodel */,
			);
			currentVersion = 3A18719A24EDA9F300B505FF /* BnetTest.xcdatamodel */;
			path = BnetTest.xcdatamodeld;
			sourceTree = "<group>";
			versionGroupType = wrapper.xcdatamodel;
		};
/* End XCVersionGroup section */
	};
	rootObject = 3A18718524EDA9F300B505FF /* Project object */;
}
